
Microsoft Visual Studio Solution File, Format Version 12.00
# Visual Studio Version 17
VisualStudioVersion = 17.0.31903.59
MinimumVisualStudioVersion = 10.0.40219.1
Project("{FAE04EC0-301F-11D3-BF4B-00C04F79EFBC}") = "Domain", "Domain\Domain.csproj", "{B6A1E8B5-0BBF-49AA-A1E4-4FFD82304C87}"
EndProject
Project("{FAE04EC0-301F-11D3-BF4B-00C04F79EFBC}") = "Infrastructure", "Infrastructure\Infrastructure.csproj", "{F1E6D8D3-2E09-43DF-83E4-CD576AD4CF58}"
EndProject
Project("{FAE04EC0-301F-11D3-BF4B-00C04F79EFBC}") = "WebApp", "WebApp\WebApp.csproj", "{DB069B36-527E-4C05-A2B5-6BC388710B43}"
EndProject
Global
	GlobalSection(SolutionConfigurationPlatforms) = preSolution
		Debug|Any CPU = Debug|Any CPU
		Debug|x64 = Debug|x64
		Debug|x86 = Debug|x86
		Release|Any CPU = Release|Any CPU
		Release|x64 = Release|x64
		Release|x86 = Release|x86
	EndGlobalSection
	GlobalSection(ProjectConfigurationPlatforms) = postSolution
		{B6A1E8B5-0BBF-49AA-A1E4-4FFD82304C87}.Debug|Any CPU.ActiveCfg = Debug|Any CPU
		{B6A1E8B5-0BBF-49AA-A1E4-4FFD82304C87}.Debug|Any CPU.Build.0 = Debug|Any CPU
		{B6A1E8B5-0BBF-49AA-A1E4-4FFD82304C87}.Debug|x64.ActiveCfg = Debug|Any CPU
		{B6A1E8B5-0BBF-49AA-A1E4-4FFD82304C87}.Debug|x64.Build.0 = Debug|Any CPU
		{B6A1E8B5-0BBF-49AA-A1E4-4FFD82304C87}.Debug|x86.ActiveCfg = Debug|Any CPU
		{B6A1E8B5-0BBF-49AA-A1E4-4FFD82304C87}.Debug|x86.Build.0 = Debug|Any CPU
		{B6A1E8B5-0BBF-49AA-A1E4-4FFD82304C87}.Release|Any CPU.ActiveCfg = Release|Any CPU
		{B6A1E8B5-0BBF-49AA-A1E4-4FFD82304C87}.Release|Any CPU.Build.0 = Release|Any CPU
		{B6A1E8B5-0BBF-49AA-A1E4-4FFD82304C87}.Release|x64.ActiveCfg = Release|Any CPU
		{B6A1E8B5-0BBF-49AA-A1E4-4FFD82304C87}.Release|x64.Build.0 = Release|Any CPU
		{B6A1E8B5-0BBF-49AA-A1E4-4FFD82304C87}.Release|x86.ActiveCfg = Release|Any CPU
		{B6A1E8B5-0BBF-49AA-A1E4-4FFD82304C87}.Release|x86.Build.0 = Release|Any CPU
		{F1E6D8D3-2E09-43DF-83E4-CD576AD4CF58}.Debug|Any CPU.ActiveCfg = Debug|Any CPU
		{F1E6D8D3-2E09-43DF-83E4-CD576AD4CF58}.Debug|Any CPU.Build.0 = Debug|Any CPU
		{F1E6D8D3-2E09-43DF-83E4-CD576AD4CF58}.Debug|x64.ActiveCfg = Debug|Any CPU
		{F1E6D8D3-2E09-43DF-83E4-CD576AD4CF58}.Debug|x64.Build.0 = Debug|Any CPU
		{F1E6D8D3-2E09-43DF-83E4-CD576AD4CF58}.Debug|x86.ActiveCfg = Debug|Any CPU
		{F1E6D8D3-2E09-43DF-83E4-CD576AD4CF58}.Debug|x86.Build.0 = Debug|Any CPU
		{F1E6D8D3-2E09-43DF-83E4-CD576AD4CF58}.Release|Any CPU.ActiveCfg = Release|Any CPU
		{F1E6D8D3-2E09-43DF-83E4-CD576AD4CF58}.Release|Any CPU.Build.0 = Release|Any CPU
		{F1E6D8D3-2E09-43DF-83E4-CD576AD4CF58}.Release|x64.ActiveCfg = Release|Any CPU
		{F1E6D8D3-2E09-43DF-83E4-CD576AD4CF58}.Release|x64.Build.0 = Release|Any CPU
		{F1E6D8D3-2E09-43DF-83E4-CD576AD4CF58}.Release|x86.ActiveCfg = Release|Any CPU
		{F1E6D8D3-2E09-43DF-83E4-CD576AD4CF58}.Release|x86.Build.0 = Release|Any CPU
		{DB069B36-527E-4C05-A2B5-6BC388710B43}.Debug|Any CPU.ActiveCfg = Debug|Any CPU
		{DB069B36-527E-4C05-A2B5-6BC388710B43}.Debug|Any CPU.Build.0 = Debug|Any CPU
		{DB069B36-527E-4C05-A2B5-6BC388710B43}.Debug|x64.ActiveCfg = Debug|Any CPU
		{DB069B36-527E-4C05-A2B5-6BC388710B43}.Debug|x64.Build.0 = Debug|Any CPU
		{DB069B36-527E-4C05-A2B5-6BC388710B43}.Debug|x86.ActiveCfg = Debug|Any CPU
		{DB069B36-527E-4C05-A2B5-6BC388710B43}.Debug|x86.Build.0 = Debug|Any CPU
		{DB069B36-527E-4C05-A2B5-6BC388710B43}.Release|Any CPU.ActiveCfg = Release|Any CPU
		{DB069B36-527E-4C05-A2B5-6BC388710B43}.Release|Any CPU.Build.0 = Release|Any CPU
		{DB069B36-527E-4C05-A2B5-6BC388710B43}.Release|x64.ActiveCfg = Release|Any CPU
		{DB069B36-527E-4C05-A2B5-6BC388710B43}.Release|x64.Build.0 = Release|Any CPU
		{DB069B36-527E-4C05-A2B5-6BC388710B43}.Release|x86.ActiveCfg = Release|Any CPU
		{DB069B36-527E-4C05-A2B5-6BC388710B43}.Release|x86.Build.0 = Release|Any CPU
	EndGlobalSection
	GlobalSection(SolutionProperties) = preSolution
		HideSolutionNode = FALSE
	EndGlobalSection
EndGlobal
